{
  "name": "node_ajs",
  "version": "1.0.0",
  "lockfileVersion": 3,
  "requires": true,
  "packages": {
    "": {
      "name": "node_ajs",
      "version": "1.0.0",
      "license": "ISC",
      "dependencies": {
        "@holllygun/ajs": "^1.0.0"
      }
    },
    "node_modules/@holllygun/ajs": {
      "version": "1.0.0",
      "resolved": "https://npm.pkg.github.com/download/@holllygun/ajs/1.0.0/98b1caba77bf51c048a779728df0af8b0496a16c",
      "integrity": "sha512-ZmTHyNoEHcAQJXljqE8S504Z0Vnv/r7izrwWTL8TbayuSFajNQrDhCwcUSc/lwwci6ZZWnpov4GoVg7YWoIlpw==",
      "license": "ISC"
    }
  }
}
